Microsoft Visual Studio Solution File, Format Version 11.00
# Visual Studio 2008

Project("{BDB018BE-6544-E4B7-46F6-0C0B583D78AC}") = "demo-unity3d", "Assembly-CSharp.csproj", "{F557A2FF-34D4-FF68-DDCF-C46973F6B023}"
EndProject
Project("{BDB018BE-6544-E4B7-46F6-0C0B583D78AC}") = "demo-unity3d", "Assembly-CSharp-Editor.csproj", "{A5A6A461-05BF-BF83-3D70-43BD918F86D4}"
EndProject
Global
	GlobalSection(SolutionConfigurationPlatforms) = preSolution
		Debug|Any CPU = Debug|Any CPU
		Release|Any CPU = Release|Any CPU
	EndGlobalSection
	GlobalSection(ProjectConfigurationPlatforms) = postSolution
		{F557A2FF-34D4-FF68-DDCF-C46973F6B023}.Debug|Any CPU.ActiveCfg = Debug|Any CPU
		{F557A2FF-34D4-FF68-DDCF-C46973F6B023}.Debug|Any CPU.Build.0 = Debug|Any CPU
		{F557A2FF-34D4-FF68-DDCF-C46973F6B023}.Release|Any CPU.ActiveCfg = Release|Any CPU
		{F557A2FF-34D4-FF68-DDCF-C46973F6B023}.Release|Any CPU.Build.0 = Release|Any CPU
		{A5A6A461-05BF-BF83-3D70-43BD918F86D4}.Debug|Any CPU.ActiveCfg = Debug|Any CPU
		{A5A6A461-05BF-BF83-3D70-43BD918F86D4}.Debug|Any CPU.Build.0 = Debug|Any CPU
		{A5A6A461-05BF-BF83-3D70-43BD918F86D4}.Release|Any CPU.ActiveCfg = Release|Any CPU
		{A5A6A461-05BF-BF83-3D70-43BD918F86D4}.Release|Any CPU.Build.0 = Release|Any CPU
	EndGlobalSection
	GlobalSection(SolutionProperties) = preSolution
		HideSolutionNode = FALSE
	EndGlobalSection
																																					GlobalSection(MonoDevelopProperties) = preSolution
		StartupItem = Assembly-CSharp.csproj
		Policies = $0
		$0.TextStylePolicy = $1
		$1.inheritsSet = null
		$1.scope = text/x-csharp
		$0.CSharpFormattingPolicy = $2
		$2.inheritsSet = Mono
		$2.inheritsScope = text/x-csharp
		$2.scope = text/x-csharp
		$0.TextStylePolicy = $3
		$3.FileWidth = 120
		$3.TabWidth = 4
		$3.EolMarker = Unix
		$3.inheritsSet = Mono
		$3.inheritsScope = text/plain
		$3.scope = text/plain
	EndGlobalSection

EndGlobal
